
Microsoft Visual Studio Solution File, Format Version 12.00
# Visual Studio Version 16
VisualStudioVersion = 16.0.31005.135
MinimumVisualStudioVersion = 10.0.40219.1
Project("{FAE04EC0-301F-11D3-BF4B-00C04F79EFBC}") = "EmbeddedReport", "EmbeddedReport\EmbeddedReport.csproj", "{5669A391-1D4E-4775-986D-5E4E25D4F57F}"
EndProject
Global
	GlobalSection(SolutionConfigurationPlatforms) = preSolution
		Debug|Any CPU = Debug|Any CPU
		Release|Any CPU = Release|Any CPU
	EndGlobalSection
	GlobalSection(ProjectConfigurationPlatforms) = postSolution
		{5669A391-1D4E-4775-986D-5E4E25D4F57F}.Debug|Any CPU.ActiveCfg = Debug|Any CPU
		{5669A391-1D4E-4775-986D-5E4E25D4F57F}.Debug|Any CPU.Build.0 = Debug|Any CPU
		{5669A391-1D4E-4775-986D-5E4E25D4F57F}.Release|Any CPU.ActiveCfg = Release|Any CPU
		{5669A391-1D4E-4775-986D-5E4E25D4F57F}.Release|Any CPU.Build.0 = Release|Any CPU
	EndGlobalSection
	GlobalSection(SolutionProperties) = preSolution
		HideSolutionNode = FALSE
	EndGlobalSection
	GlobalSection(ExtensibilityGlobals) = postSolution
		SolutionGuid = {641654C8-2C69-42A5-B474-FE45079B7EB6}
	EndGlobalSection
EndGlobal
